# THIS IS AN AUTOGENERATED FILE. DO NOT EDIT THIS FILE DIRECTLY.
# yarn lockfile v1


"@dxos/example-one@^1.0.0":
  version "1.0.0"
  resolved "https://registry.yarnpkg.com/@dxos/example-one/-/example-one-1.0.0.tgz#5a23212b2c589246dac6d4f29446f1954d7d1501"
  integrity sha512-P/yxsKguLcf8daowD/zSvmfRXOacfjq3dDFuu5aTuuL1CpFbhQqCMFqOMGMriYaaBHRq8Z/Nf9nChvFrqtDBqA==
